
Microsoft Visual Studio Solution File, Format Version 12.00
# Visual Studio 15
VisualStudioVersion = 15.0.27703.2018
MinimumVisualStudioVersion = 10.0.40219.1
Project("{FAE04EC0-301F-11D3-BF4B-00C04F79EFBC}") = "LironSaediBouncingBalls", "LironSaediBouncingBalls\LironSaediBouncingBalls.csproj", "{15B33854-C5D3-4DC7-9E80-13A91B7C75AB}"
EndProject
Global
	GlobalSection(SolutionConfigurationPlatforms) = preSolution
		Debug|Any CPU = Debug|Any CPU
		Release|Any CPU = Release|Any CPU
	EndGlobalSection
	GlobalSection(ProjectConfigurationPlatforms) = postSolution
		{15B33854-C5D3-4DC7-9E80-13A91B7C75AB}.Debug|Any CPU.ActiveCfg = Debug|Any CPU
		{15B33854-C5D3-4DC7-9E80-13A91B7C75AB}.Debug|Any CPU.Build.0 = Debug|Any CPU
		{15B33854-C5D3-4DC7-9E80-13A91B7C75AB}.Release|Any CPU.ActiveCfg = Release|Any CPU
		{15B33854-C5D3-4DC7-9E80-13A91B7C75AB}.Release|Any CPU.Build.0 = Release|Any CPU
	EndGlobalSection
	GlobalSection(SolutionProperties) = preSolution
		HideSolutionNode = FALSE
	EndGlobalSection
	GlobalSection(ExtensibilityGlobals) = postSolution
		SolutionGuid = {A594A03D-8F84-4E88-8B20-1C0C56046E1E}
	EndGlobalSection
EndGlobal
